// !$*UTF8*$!
{
	archiveVersion = 1;
	objectVersion = 56;
	objects = {
		5D3F1F2A828F43D7974ABC5C /* App.swift */ = {isa = PBXFileReference; lastKnownFileType = sourcecode.swift; path = CBMPCNative/App.swift; sourceTree = SOURCE_ROOT; };
		715F48F2BBEB482FADB5E44B /* App.swift in Sources */ = {isa = PBXBuildFile; fileRef = 5D3F1F2A828F43D7974ABC5C /* App.swift */; };
		7EBAA282A9944E0B80A630DB /* Models.swift */ = {isa = PBXFileReference; lastKnownFileType = sourcecode.swift; path = CBMPCNative/Models.swift; sourceTree = SOURCE_ROOT; };
		49C0DAE8F1544C3DAEC61F78 /* Models.swift in Sources */ = {isa = PBXBuildFile; fileRef = 7EBAA282A9944E0B80A630DB /* Models.swift */; };
		8A512C4CF3B044288813F713 /* Persistence.swift */ = {isa = PBXFileReference; lastKnownFileType = sourcecode.swift; path = CBMPCNative/Persistence.swift; sourceTree = SOURCE_ROOT; };
		363A379EB61F49B1B7ADE106 /* Persistence.swift in Sources */ = {isa = PBXBuildFile; fileRef = 8A512C4CF3B044288813F713 /* Persistence.swift */; };
		FB27DE0F9B61439490B343FA /* Views.swift */ = {isa = PBXFileReference; lastKnownFileType = sourcecode.swift; path = CBMPCNative/Views.swift; sourceTree = SOURCE_ROOT; };
		EFAC07C0C9B748B780F7D0D6 /* Views.swift in Sources */ = {isa = PBXBuildFile; fileRef = FB27DE0F9B61439490B343FA /* Views.swift */; };
		CAC866ECD7114AA99D621C65 /* CBMPCCryptoEngine.swift */ = {isa = PBXFileReference; lastKnownFileType = sourcecode.swift; path = CBMPCNative/Models/CBMPCCryptoEngine.swift; sourceTree = SOURCE_ROOT; };
		39D375570D9848F7A491D538 /* CBMPCCryptoEngine.swift in Sources */ = {isa = PBXBuildFile; fileRef = CAC866ECD7114AA99D621C65 /* CBMPCCryptoEngine.swift */; };
		C7D1FEF8D2204ED68C6C7A9E /* CBMPCJob.swift */ = {isa = PBXFileReference; lastKnownFileType = sourcecode.swift; path = CBMPCNative/Models/CBMPCJob.swift; sourceTree = SOURCE_ROOT; };
		5B006EBE415E438F8E9236D9 /* CBMPCJob.swift in Sources */ = {isa = PBXBuildFile; fileRef = C7D1FEF8D2204ED68C6C7A9E /* CBMPCJob.swift */; };
		8D7F32597C7945E4B290F0CB /* CBMPCKeyGenerator.swift */ = {isa = PBXFileReference; lastKnownFileType = sourcecode.swift; path = CBMPCNative/Models/CBMPCKeyGenerator.swift; sourceTree = SOURCE_ROOT; };
		DAB99EF6971B4069B622AAD8 /* CBMPCKeyGenerator.swift in Sources */ = {isa = PBXBuildFile; fileRef = 8D7F32597C7945E4B290F0CB /* CBMPCKeyGenerator.swift */; };
		02408D05F6BD4D9593286840 /* CBMPCKeyShare.swift */ = {isa = PBXFileReference; lastKnownFileType = sourcecode.swift; path = CBMPCNative/Models/CBMPCKeyShare.swift; sourceTree = SOURCE_ROOT; };
		48E57618BC6F44CC9FF87445 /* CBMPCKeyShare.swift in Sources */ = {isa = PBXBuildFile; fileRef = 02408D05F6BD4D9593286840 /* CBMPCKeyShare.swift */; };
		113BD54F1BFC4FFB9DA5820A /* CBMPCMockTransport.swift */ = {isa = PBXFileReference; lastKnownFileType = sourcecode.swift; path = CBMPCNative/Models/CBMPCMockTransport.swift; sourceTree = SOURCE_ROOT; };
		A86DD41ECA274FA8A8B1DC46 /* CBMPCMockTransport.swift in Sources */ = {isa = PBXBuildFile; fileRef = 113BD54F1BFC4FFB9DA5820A /* CBMPCMockTransport.swift */; };
		34ECF65314E74AC7A0BA95A4 /* CBMPCSigner.swift */ = {isa = PBXFileReference; lastKnownFileType = sourcecode.swift; path = CBMPCNative/Models/CBMPCSigner.swift; sourceTree = SOURCE_ROOT; };
		A7BEBFB51B26453CB38AF0CE /* CBMPCSigner.swift in Sources */ = {isa = PBXBuildFile; fileRef = 34ECF65314E74AC7A0BA95A4 /* CBMPCSigner.swift */; };
		2856A2E308B6401A97B1C01E /* DemoData.swift */ = {isa = PBXFileReference; lastKnownFileType = sourcecode.swift; path = CBMPCNative/Models/DemoData.swift; sourceTree = SOURCE_ROOT; };
		186DDEE4C6AE4F34B7B5AC0C /* DemoData.swift in Sources */ = {isa = PBXBuildFile; fileRef = 2856A2E308B6401A97B1C01E /* DemoData.swift */; };
		C5D94AC4683F4C108F8D95A3 /* KeyStore.swift */ = {isa = PBXFileReference; lastKnownFileType = sourcecode.swift; path = CBMPCNative/Models/KeyStore.swift; sourceTree = SOURCE_ROOT; };
		80BD0AC97D6746B38E7136D2 /* KeyStore.swift in Sources */ = {isa = PBXBuildFile; fileRef = C5D94AC4683F4C108F8D95A3 /* KeyStore.swift */; };
		EE14000100000000000000A1 /* EtherscanService.swift */ = {isa = PBXFileReference; lastKnownFileType = sourcecode.swift; path = CBMPCNative/Models/EtherscanService.swift; sourceTree = SOURCE_ROOT; };
		EE14000200000000000000A1 /* EtherscanService.swift in Sources */ = {isa = PBXBuildFile; fileRef = EE14000100000000000000A1 /* EtherscanService.swift */; };
		40F0D6C0F8DD422BA52777FF /* ManagedKeyModel.swift */ = {isa = PBXFileReference; lastKnownFileType = sourcecode.swift; path = CBMPCNative/Models/ManagedKeyModel.swift; sourceTree = SOURCE_ROOT; };
		44CC6E0C21A7458488419EC8 /* ManagedKeyModel.swift in Sources */ = {isa = PBXBuildFile; fileRef = 40F0D6C0F8DD422BA52777FF /* ManagedKeyModel.swift */; };
		2D24F1C072CB4647A72B392C /* AppNavigation.swift */ = {isa = PBXFileReference; lastKnownFileType = sourcecode.swift; path = CBMPCNative/Navigation/AppNavigation.swift; sourceTree = SOURCE_ROOT; };
		DC6A023CD5594D5DA02BC8D8 /* AppNavigation.swift in Sources */ = {isa = PBXBuildFile; fileRef = 2D24F1C072CB4647A72B392C /* AppNavigation.swift */; };
		9C73628B8FCF45F083610781 /* CreateKeySheetView.swift */ = {isa = PBXFileReference; lastKnownFileType = sourcecode.swift; path = CBMPCNative/Views/CreateKeySheetView.swift; sourceTree = SOURCE_ROOT; };
		465CA861247D4B0D9B551D5F /* CreateKeySheetView.swift in Sources */ = {isa = PBXBuildFile; fileRef = 9C73628B8FCF45F083610781 /* CreateKeySheetView.swift */; };
		57EC03604E664516A1CF6D06 /* KeyDashboardView.swift */ = {isa = PBXFileReference; lastKnownFileType = sourcecode.swift; path = CBMPCNative/Views/KeyDashboardView.swift; sourceTree = SOURCE_ROOT; };
		74FC64744B5F4BE5BA580B65 /* KeyDashboardView.swift in Sources */ = {isa = PBXBuildFile; fileRef = 57EC03604E664516A1CF6D06 /* KeyDashboardView.swift */; };
		CFA0905E844A4B8DA0E17770 /* KeyDetailView.swift */ = {isa = PBXFileReference; lastKnownFileType = sourcecode.swift; path = CBMPCNative/Views/KeyDetailView.swift; sourceTree = SOURCE_ROOT; };
		19E3B588B3664B02B6B1D69C /* KeyDetailView.swift in Sources */ = {isa = PBXBuildFile; fileRef = CFA0905E844A4B8DA0E17770 /* KeyDetailView.swift */; };
		18B55595E1174FDB8737759B /* SettingsView.swift */ = {isa = PBXFileReference; lastKnownFileType = sourcecode.swift; path = CBMPCNative/Views/SettingsView.swift; sourceTree = SOURCE_ROOT; };
		9E7FBDE0CE5B4E7B82E33D64 /* SettingsView.swift in Sources */ = {isa = PBXBuildFile; fileRef = 18B55595E1174FDB8737759B /* SettingsView.swift */; };
		635F4577455B47B99B35E257 /* SigningHistoryView.swift */ = {isa = PBXFileReference; lastKnownFileType = sourcecode.swift; path = CBMPCNative/Views/SigningHistoryView.swift; sourceTree = SOURCE_ROOT; };
		422F1023E43846A887B56047 /* SigningHistoryView.swift in Sources */ = {isa = PBXBuildFile; fileRef = 635F4577455B47B99B35E257 /* SigningHistoryView.swift */; };
		C1B9925D88E7455EA1C7C060 /* SignMessageSheetView.swift */ = {isa = PBXFileReference; lastKnownFileType = sourcecode.swift; path = CBMPCNative/Views/SignMessageSheetView.swift; sourceTree = SOURCE_ROOT; };
		B6855072E302481EBAF3BF0D /* SignMessageSheetView.swift in Sources */ = {isa = PBXBuildFile; fileRef = C1B9925D88E7455EA1C7C060 /* SignMessageSheetView.swift */; };
		EE00000100000000000000A1 /* VerifySignatureSheetView.swift */ = {isa = PBXFileReference; lastKnownFileType = sourcecode.swift; path = CBMPCNative/Views/VerifySignatureSheetView.swift; sourceTree = SOURCE_ROOT; };
		FF00000100000000000000TX /* SignTransactionSheetView.swift */ = {isa = PBXFileReference; lastKnownFileType = sourcecode.swift; path = CBMPCNative/Views/SignTransactionSheetView.swift; sourceTree = SOURCE_ROOT; };
		FF00000200000000000000TX /* SignTransactionSheetView.swift in Sources */ = {isa = PBXBuildFile; fileRef = FF00000100000000000000TX /* SignTransactionSheetView.swift */; };
		FF00000300000000000000TX /* SignTransactionSheetView.swift in Sources */ = {isa = PBXBuildFile; fileRef = FF00000100000000000000TX /* SignTransactionSheetView.swift */; };
		EE00000200000000000000A1 /* VerifySignatureSheetView.swift in Sources */ = {isa = PBXBuildFile; fileRef = EE00000100000000000000A1 /* VerifySignatureSheetView.swift */; };
		EE00000300000000000000A1 /* VerifySignatureSheetView.swift in Sources */ = {isa = PBXBuildFile; fileRef = EE00000100000000000000A1 /* VerifySignatureSheetView.swift */; };
		3361688E861E4B35A6732E7E /* FloatingTabBar.swift */ = {isa = PBXFileReference; lastKnownFileType = sourcecode.swift; path = CBMPCNative/Views/FloatingTabBar.swift; sourceTree = SOURCE_ROOT; };
		8E18FD897BEC4A2D89DEF555 /* FloatingTabBar.swift in Sources */ = {isa = PBXBuildFile; fileRef = 3361688E861E4B35A6732E7E /* FloatingTabBar.swift */; };
		F311AA8407E8496BAC8D600F /* QRCodeView.swift */ = {isa = PBXFileReference; lastKnownFileType = sourcecode.swift; path = CBMPCNative/Views/QRCodeView.swift; sourceTree = SOURCE_ROOT; };
		F8D0C8BE602740A58CB804B9 /* QRCodeView.swift in Sources */ = {isa = PBXBuildFile; fileRef = F311AA8407E8496BAC8D600F /* QRCodeView.swift */; };
		507BB6365E6B4D8080293394 /* SigningServerClient.swift */ = {isa = PBXFileReference; lastKnownFileType = sourcecode.swift; path = CBMPCNative/Networking/SigningServerClient.swift; sourceTree = SOURCE_ROOT; };
		83DE522665F94B36B009141C /* SigningServerClient.swift in Sources */ = {isa = PBXBuildFile; fileRef = 507BB6365E6B4D8080293394 /* SigningServerClient.swift */; };
		BB00000100000000000000D1 /* CryptoDemoView.swift */ = {isa = PBXFileReference; lastKnownFileType = sourcecode.swift; path = CBMPCNative/Views/CryptoDemoView.swift; sourceTree = SOURCE_ROOT; };
		BB00000100000000000000D2 /* CryptoDemoView.swift in Sources */ = {isa = PBXBuildFile; fileRef = BB00000100000000000000D1 /* CryptoDemoView.swift */; };
		BB00000100000000000000D3 /* CBMPCLocalTransport.swift */ = {isa = PBXFileReference; lastKnownFileType = sourcecode.swift; path = CBMPCNative/Models/CBMPCLocalTransport.swift; sourceTree = SOURCE_ROOT; };
		BB00000100000000000000D4 /* CBMPCLocalTransport.swift in Sources */ = {isa = PBXBuildFile; fileRef = BB00000100000000000000D3 /* CBMPCLocalTransport.swift */; };

/* New demo view file references */
		CC00000100000000000000F1 /* DemoShared.swift */ = {isa = PBXFileReference; lastKnownFileType = sourcecode.swift; path = CBMPCNative/Views/DemoShared.swift; sourceTree = SOURCE_ROOT; };
		CC00000100000000000000F2 /* DemoHubView.swift */ = {isa = PBXFileReference; lastKnownFileType = sourcecode.swift; path = CBMPCNative/Views/DemoHubView.swift; sourceTree = SOURCE_ROOT; };
		CC00000100000000000000F3 /* HDDerivationDemoView.swift */ = {isa = PBXFileReference; lastKnownFileType = sourcecode.swift; path = CBMPCNative/Views/HDDerivationDemoView.swift; sourceTree = SOURCE_ROOT; };
		CC00000100000000000000F4 /* BatchSigningDemoView.swift */ = {isa = PBXFileReference; lastKnownFileType = sourcecode.swift; path = CBMPCNative/Views/BatchSigningDemoView.swift; sourceTree = SOURCE_ROOT; };
		CC00000100000000000000F5 /* KeyLifecycleDemoView.swift */ = {isa = PBXFileReference; lastKnownFileType = sourcecode.swift; path = CBMPCNative/Views/KeyLifecycleDemoView.swift; sourceTree = SOURCE_ROOT; };
		CC00000100000000000000F6 /* ZKProofDemoView.swift */ = {isa = PBXFileReference; lastKnownFileType = sourcecode.swift; path = CBMPCNative/Views/ZKProofDemoView.swift; sourceTree = SOURCE_ROOT; };
		CC00000100000000000000F7 /* NPartyDemoView.swift */ = {isa = PBXFileReference; lastKnownFileType = sourcecode.swift; path = CBMPCNative/Views/NPartyDemoView.swift; sourceTree = SOURCE_ROOT; };
		CC00000100000000000000F8 /* AgreeRandomDemoView.swift */ = {isa = PBXFileReference; lastKnownFileType = sourcecode.swift; path = CBMPCNative/Views/AgreeRandomDemoView.swift; sourceTree = SOURCE_ROOT; };
		CC00000100000000000000F9 /* AccessStructureDemoView.swift */ = {isa = PBXFileReference; lastKnownFileType = sourcecode.swift; path = CBMPCNative/Views/AccessStructureDemoView.swift; sourceTree = SOURCE_ROOT; };

/* New demo view iOS build file entries */
		CC00000200000000000000F1 /* DemoShared.swift in Sources */ = {isa = PBXBuildFile; fileRef = CC00000100000000000000F1 /* DemoShared.swift */; };
		CC00000200000000000000F2 /* DemoHubView.swift in Sources */ = {isa = PBXBuildFile; fileRef = CC00000100000000000000F2 /* DemoHubView.swift */; };
		CC00000200000000000000F3 /* HDDerivationDemoView.swift in Sources */ = {isa = PBXBuildFile; fileRef = CC00000100000000000000F3 /* HDDerivationDemoView.swift */; };
		CC00000200000000000000F4 /* BatchSigningDemoView.swift in Sources */ = {isa = PBXBuildFile; fileRef = CC00000100000000000000F4 /* BatchSigningDemoView.swift */; };
		CC00000200000000000000F5 /* KeyLifecycleDemoView.swift in Sources */ = {isa = PBXBuildFile; fileRef = CC00000100000000000000F5 /* KeyLifecycleDemoView.swift */; };
		CC00000200000000000000F6 /* ZKProofDemoView.swift in Sources */ = {isa = PBXBuildFile; fileRef = CC00000100000000000000F6 /* ZKProofDemoView.swift */; };
		CC00000200000000000000F7 /* NPartyDemoView.swift in Sources */ = {isa = PBXBuildFile; fileRef = CC00000100000000000000F7 /* NPartyDemoView.swift */; };
		CC00000200000000000000F8 /* AgreeRandomDemoView.swift in Sources */ = {isa = PBXBuildFile; fileRef = CC00000100000000000000F8 /* AgreeRandomDemoView.swift */; };
		CC00000200000000000000F9 /* AccessStructureDemoView.swift in Sources */ = {isa = PBXBuildFile; fileRef = CC00000100000000000000F9 /* AccessStructureDemoView.swift */; };

/* macOS build file refs for new files */
		BB00000100000000000000E1 /* CryptoDemoView.swift in Sources */ = {isa = PBXBuildFile; fileRef = BB00000100000000000000D1 /* CryptoDemoView.swift */; };
		BB00000100000000000000E2 /* CBMPCLocalTransport.swift in Sources */ = {isa = PBXBuildFile; fileRef = BB00000100000000000000D3 /* CBMPCLocalTransport.swift */; };

/* New demo view macOS build file entries */
		CC00000300000000000000F1 /* DemoShared.swift in Sources */ = {isa = PBXBuildFile; fileRef = CC00000100000000000000F1 /* DemoShared.swift */; };
		CC00000300000000000000F2 /* DemoHubView.swift in Sources */ = {isa = PBXBuildFile; fileRef = CC00000100000000000000F2 /* DemoHubView.swift */; };
		CC00000300000000000000F3 /* HDDerivationDemoView.swift in Sources */ = {isa = PBXBuildFile; fileRef = CC00000100000000000000F3 /* HDDerivationDemoView.swift */; };
		CC00000300000000000000F4 /* BatchSigningDemoView.swift in Sources */ = {isa = PBXBuildFile; fileRef = CC00000100000000000000F4 /* BatchSigningDemoView.swift */; };
		CC00000300000000000000F5 /* KeyLifecycleDemoView.swift in Sources */ = {isa = PBXBuildFile; fileRef = CC00000100000000000000F5 /* KeyLifecycleDemoView.swift */; };
		CC00000300000000000000F6 /* ZKProofDemoView.swift in Sources */ = {isa = PBXBuildFile; fileRef = CC00000100000000000000F6 /* ZKProofDemoView.swift */; };
		CC00000300000000000000F7 /* NPartyDemoView.swift in Sources */ = {isa = PBXBuildFile; fileRef = CC00000100000000000000F7 /* NPartyDemoView.swift */; };
		CC00000300000000000000F8 /* AgreeRandomDemoView.swift in Sources */ = {isa = PBXBuildFile; fileRef = CC00000100000000000000F8 /* AgreeRandomDemoView.swift */; };
		CC00000300000000000000F9 /* AccessStructureDemoView.swift in Sources */ = {isa = PBXBuildFile; fileRef = CC00000100000000000000F9 /* AccessStructureDemoView.swift */; };
/* N-Party demo views and model file references */
		DD00000100000000000000A1 /* ECDSAMPDemoView.swift */ = {isa = PBXFileReference; lastKnownFileType = sourcecode.swift; path = CBMPCNative/Views/ECDSAMPDemoView.swift; sourceTree = SOURCE_ROOT; };
		DD00000100000000000000A2 /* EdDSADemoView.swift */ = {isa = PBXFileReference; lastKnownFileType = sourcecode.swift; path = CBMPCNative/Views/EdDSADemoView.swift; sourceTree = SOURCE_ROOT; };
		DD00000100000000000000A3 /* CBMPCJobMP.swift */ = {isa = PBXFileReference; lastKnownFileType = sourcecode.swift; path = CBMPCNative/Models/CBMPCJobMP.swift; sourceTree = SOURCE_ROOT; };
		DD00000100000000000000A4 /* CBMPCKeyShareMP.swift */ = {isa = PBXFileReference; lastKnownFileType = sourcecode.swift; path = CBMPCNative/Models/CBMPCKeyShareMP.swift; sourceTree = SOURCE_ROOT; };
		DD00000100000000000000A5 /* CBMPCAccessStructure.swift */ = {isa = PBXFileReference; lastKnownFileType = sourcecode.swift; path = CBMPCNative/Models/CBMPCAccessStructure.swift; sourceTree = SOURCE_ROOT; };
		DD00000100000000000000A6 /* LocalNPartyRunner.swift */ = {isa = PBXFileReference; lastKnownFileType = sourcecode.swift; path = CBMPCNative/Models/LocalNPartyRunner.swift; sourceTree = SOURCE_ROOT; };

/* N-Party iOS build file entries */
		DD00000200000000000000A1 /* ECDSAMPDemoView.swift in Sources */ = {isa = PBXBuildFile; fileRef = DD00000100000000000000A1 /* ECDSAMPDemoView.swift */; };
		DD00000200000000000000A2 /* EdDSADemoView.swift in Sources */ = {isa = PBXBuildFile; fileRef = DD00000100000000000000A2 /* EdDSADemoView.swift */; };
		DD00000200000000000000A3 /* CBMPCJobMP.swift in Sources */ = {isa = PBXBuildFile; fileRef = DD00000100000000000000A3 /* CBMPCJobMP.swift */; };
		DD00000200000000000000A4 /* CBMPCKeyShareMP.swift in Sources */ = {isa = PBXBuildFile; fileRef = DD00000100000000000000A4 /* CBMPCKeyShareMP.swift */; };
		DD00000200000000000000A5 /* CBMPCAccessStructure.swift in Sources */ = {isa = PBXBuildFile; fileRef = DD00000100000000000000A5 /* CBMPCAccessStructure.swift */; };
		DD00000200000000000000A6 /* LocalNPartyRunner.swift in Sources */ = {isa = PBXBuildFile; fileRef = DD00000100000000000000A6 /* LocalNPartyRunner.swift */; };

/* N-Party macOS build file entries */
		DD00000300000000000000A1 /* ECDSAMPDemoView.swift in Sources */ = {isa = PBXBuildFile; fileRef = DD00000100000000000000A1 /* ECDSAMPDemoView.swift */; };
		DD00000300000000000000A2 /* EdDSADemoView.swift in Sources */ = {isa = PBXBuildFile; fileRef = DD00000100000000000000A2 /* EdDSADemoView.swift */; };
		DD00000300000000000000A3 /* CBMPCJobMP.swift in Sources */ = {isa = PBXBuildFile; fileRef = DD00000100000000000000A3 /* CBMPCJobMP.swift */; };
		DD00000300000000000000A4 /* CBMPCKeyShareMP.swift in Sources */ = {isa = PBXBuildFile; fileRef = DD00000100000000000000A4 /* CBMPCKeyShareMP.swift */; };
		DD00000300000000000000A5 /* CBMPCAccessStructure.swift in Sources */ = {isa = PBXBuildFile; fileRef = DD00000100000000000000A5 /* CBMPCAccessStructure.swift */; };
		DD00000300000000000000A6 /* LocalNPartyRunner.swift in Sources */ = {isa = PBXBuildFile; fileRef = DD00000100000000000000A6 /* LocalNPartyRunner.swift */; };

/* v0.14.0 phase 3: device pairing, server registration */
		FF14000100000000000000B1 /* PairingManager.swift */ = {isa = PBXFileReference; lastKnownFileType = sourcecode.swift; path = CBMPCNative/Models/PairingManager.swift; sourceTree = SOURCE_ROOT; };
		FF14000100000000000000C1 /* DeviceInfo.swift */ = {isa = PBXFileReference; lastKnownFileType = sourcecode.swift; path = CBMPCNative/Models/DeviceInfo.swift; sourceTree = SOURCE_ROOT; };
		FF14000200000000000000B1 /* PairingManager.swift in Sources */ = {isa = PBXBuildFile; fileRef = FF14000100000000000000B1 /* PairingManager.swift */; };
		FF14000300000000000000B1 /* PairingManager.swift in Sources */ = {isa = PBXBuildFile; fileRef = FF14000100000000000000B1 /* PairingManager.swift */; };
		FF14000200000000000000C1 /* DeviceInfo.swift in Sources */ = {isa = PBXBuildFile; fileRef = FF14000100000000000000C1 /* DeviceInfo.swift */; };
		FF14000300000000000000C1 /* DeviceInfo.swift in Sources */ = {isa = PBXBuildFile; fileRef = FF14000100000000000000C1 /* DeviceInfo.swift */; };
		FF14000100000000000000B2 /* DevicePairingView.swift */ = {isa = PBXFileReference; lastKnownFileType = sourcecode.swift; path = CBMPCNative/Views/DevicePairingView.swift; sourceTree = SOURCE_ROOT; };
		FF14000200000000000000B2 /* DevicePairingView.swift in Sources */ = {isa = PBXBuildFile; fileRef = FF14000100000000000000B2 /* DevicePairingView.swift */; };
		FF14000300000000000000B2 /* DevicePairingView.swift in Sources */ = {isa = PBXBuildFile; fileRef = FF14000100000000000000B2 /* DevicePairingView.swift */; };
		FF14000100000000000000B3 /* ServerRegistrationView.swift */ = {isa = PBXFileReference; lastKnownFileType = sourcecode.swift; path = CBMPCNative/Views/ServerRegistrationView.swift; sourceTree = SOURCE_ROOT; };
		FF14000200000000000000B3 /* ServerRegistrationView.swift in Sources */ = {isa = PBXBuildFile; fileRef = FF14000100000000000000B3 /* ServerRegistrationView.swift */; };
		FF14000300000000000000B3 /* ServerRegistrationView.swift in Sources */ = {isa = PBXBuildFile; fileRef = FF14000100000000000000B3 /* ServerRegistrationView.swift */; };

/* v0.15.0 design system + welcome */
		FF15000100000000000000A1 /* DesignSystem.swift */ = {isa = PBXFileReference; lastKnownFileType = sourcecode.swift; path = CBMPCNative/Views/DesignSystem.swift; sourceTree = SOURCE_ROOT; };
		FF15000200000000000000A1 /* DesignSystem.swift in Sources */ = {isa = PBXBuildFile; fileRef = FF15000100000000000000A1 /* DesignSystem.swift */; };
		FF15000300000000000000A1 /* DesignSystem.swift in Sources */ = {isa = PBXBuildFile; fileRef = FF15000100000000000000A1 /* DesignSystem.swift */; };
		FF15000100000000000000A2 /* WelcomeView.swift */ = {isa = PBXFileReference; lastKnownFileType = sourcecode.swift; path = CBMPCNative/Views/WelcomeView.swift; sourceTree = SOURCE_ROOT; };
		FF15000200000000000000A2 /* WelcomeView.swift in Sources */ = {isa = PBXBuildFile; fileRef = FF15000100000000000000A2 /* WelcomeView.swift */; };
		FF15000300000000000000A2 /* WelcomeView.swift in Sources */ = {isa = PBXBuildFile; fileRef = FF15000100000000000000A2 /* WelcomeView.swift */; };

/* v0.16.0 server auth, MPC protocol, transports, coordinators */
		FF16000100000000000000A1 /* ServerAuthKeychain.swift */ = {isa = PBXFileReference; lastKnownFileType = sourcecode.swift; path = CBMPCNative/Models/ServerAuthKeychain.swift; sourceTree = SOURCE_ROOT; };
		FF16000200000000000000A1 /* ServerAuthKeychain.swift in Sources */ = {isa = PBXBuildFile; fileRef = FF16000100000000000000A1 /* ServerAuthKeychain.swift */; };
		FF16000300000000000000A1 /* ServerAuthKeychain.swift in Sources */ = {isa = PBXBuildFile; fileRef = FF16000100000000000000A1 /* ServerAuthKeychain.swift */; };
		FF16000100000000000000A2 /* MPCProtocol.swift */ = {isa = PBXFileReference; lastKnownFileType = sourcecode.swift; path = CBMPCNative/Models/MPCProtocol.swift; sourceTree = SOURCE_ROOT; };
		FF16000200000000000000A2 /* MPCProtocol.swift in Sources */ = {isa = PBXBuildFile; fileRef = FF16000100000000000000A2 /* MPCProtocol.swift */; };
		FF16000300000000000000A2 /* MPCProtocol.swift in Sources */ = {isa = PBXBuildFile; fileRef = FF16000100000000000000A2 /* MPCProtocol.swift */; };
		FF16000100000000000000A3 /* ServerAPIClient.swift */ = {isa = PBXFileReference; lastKnownFileType = sourcecode.swift; path = CBMPCNative/Models/ServerAPIClient.swift; sourceTree = SOURCE_ROOT; };
		FF16000200000000000000A3 /* ServerAPIClient.swift in Sources */ = {isa = PBXBuildFile; fileRef = FF16000100000000000000A3 /* ServerAPIClient.swift */; };
		FF16000300000000000000A3 /* ServerAPIClient.swift in Sources */ = {isa = PBXBuildFile; fileRef = FF16000100000000000000A3 /* ServerAPIClient.swift */; };
		FF16000100000000000000A4 /* WebSocketTransport.swift */ = {isa = PBXFileReference; lastKnownFileType = sourcecode.swift; path = CBMPCNative/Models/WebSocketTransport.swift; sourceTree = SOURCE_ROOT; };
		FF16000200000000000000A4 /* WebSocketTransport.swift in Sources */ = {isa = PBXBuildFile; fileRef = FF16000100000000000000A4 /* WebSocketTransport.swift */; };
		FF16000300000000000000A4 /* WebSocketTransport.swift in Sources */ = {isa = PBXBuildFile; fileRef = FF16000100000000000000A4 /* WebSocketTransport.swift */; };
		FF16000100000000000000A5 /* ServerDKGCoordinator.swift */ = {isa = PBXFileReference; lastKnownFileType = sourcecode.swift; path = CBMPCNative/Models/ServerDKGCoordinator.swift; sourceTree = SOURCE_ROOT; };
		FF16000200000000000000A5 /* ServerDKGCoordinator.swift in Sources */ = {isa = PBXBuildFile; fileRef = FF16000100000000000000A5 /* ServerDKGCoordinator.swift */; };
		FF16000300000000000000A5 /* ServerDKGCoordinator.swift in Sources */ = {isa = PBXBuildFile; fileRef = FF16000100000000000000A5 /* ServerDKGCoordinator.swift */; };
		FF16000100000000000000A6 /* ServerSigningCoordinator.swift */ = {isa = PBXFileReference; lastKnownFileType = sourcecode.swift; path = CBMPCNative/Models/ServerSigningCoordinator.swift; sourceTree = SOURCE_ROOT; };
		FF16000200000000000000A6 /* ServerSigningCoordinator.swift in Sources */ = {isa = PBXBuildFile; fileRef = FF16000100000000000000A6 /* ServerSigningCoordinator.swift */; };
		FF16000300000000000000A6 /* ServerSigningCoordinator.swift in Sources */ = {isa = PBXBuildFile; fileRef = FF16000100000000000000A6 /* ServerSigningCoordinator.swift */; };
		FF16000100000000000000A7 /* MultipeerTransport.swift */ = {isa = PBXFileReference; lastKnownFileType = sourcecode.swift; path = CBMPCNative/Models/MultipeerTransport.swift; sourceTree = SOURCE_ROOT; };
		FF16000200000000000000A7 /* MultipeerTransport.swift in Sources */ = {isa = PBXBuildFile; fileRef = FF16000100000000000000A7 /* MultipeerTransport.swift */; };
		FF16000300000000000000A7 /* MultipeerTransport.swift in Sources */ = {isa = PBXBuildFile; fileRef = FF16000100000000000000A7 /* MultipeerTransport.swift */; };
		FF16000100000000000000A8 /* PeerDKGCoordinator.swift */ = {isa = PBXFileReference; lastKnownFileType = sourcecode.swift; path = CBMPCNative/Models/PeerDKGCoordinator.swift; sourceTree = SOURCE_ROOT; };
		FF16000200000000000000A8 /* PeerDKGCoordinator.swift in Sources */ = {isa = PBXBuildFile; fileRef = FF16000100000000000000A8 /* PeerDKGCoordinator.swift */; };
		FF16000300000000000000A8 /* PeerDKGCoordinator.swift in Sources */ = {isa = PBXBuildFile; fileRef = FF16000100000000000000A8 /* PeerDKGCoordinator.swift */; };
		FF16000100000000000000A9 /* PeerConnectionManager.swift */ = {isa = PBXFileReference; lastKnownFileType = sourcecode.swift; path = CBMPCNative/Models/PeerConnectionManager.swift; sourceTree = SOURCE_ROOT; };
		FF16000200000000000000A9 /* PeerConnectionManager.swift in Sources */ = {isa = PBXBuildFile; fileRef = FF16000100000000000000A9 /* PeerConnectionManager.swift */; };
		FF16000300000000000000A9 /* PeerConnectionManager.swift in Sources */ = {isa = PBXBuildFile; fileRef = FF16000100000000000000A9 /* PeerConnectionManager.swift */; };

/* v0.14.0 network view */
		FF14000100000000000000A1 /* NetworkView.swift */ = {isa = PBXFileReference; lastKnownFileType = sourcecode.swift; path = CBMPCNative/Views/NetworkView.swift; sourceTree = SOURCE_ROOT; };
		FF14000200000000000000A1 /* NetworkView.swift in Sources */ = {isa = PBXBuildFile; fileRef = FF14000100000000000000A1 /* NetworkView.swift */; };
		FF14000300000000000000A1 /* NetworkView.swift in Sources */ = {isa = PBXBuildFile; fileRef = FF14000100000000000000A1 /* NetworkView.swift */; };

/* v0.13.2 export sheet standalone view */
		EE15000100000000000000A1 /* ExportKeySheetView.swift */ = {isa = PBXFileReference; lastKnownFileType = sourcecode.swift; path = CBMPCNative/Views/ExportKeySheetView.swift; sourceTree = SOURCE_ROOT; };
		EE15000200000000000000A1 /* ExportKeySheetView.swift in Sources */ = {isa = PBXBuildFile; fileRef = EE15000100000000000000A1 /* ExportKeySheetView.swift */; };
		EE15000300000000000000A1 /* ExportKeySheetView.swift in Sources */ = {isa = PBXBuildFile; fileRef = EE15000100000000000000A1 /* ExportKeySheetView.swift */; };

/* v0.13.1 new file references */
		EE13000100000000000000A1 /* KeychainSyncManager.swift */ = {isa = PBXFileReference; lastKnownFileType = sourcecode.swift; path = CBMPCNative/Models/KeychainSyncManager.swift; sourceTree = SOURCE_ROOT; };
		EE13000100000000000000A2 /* MultiQRCodec.swift */ = {isa = PBXFileReference; lastKnownFileType = sourcecode.swift; path = CBMPCNative/Models/MultiQRCodec.swift; sourceTree = SOURCE_ROOT; };
		EE13000100000000000000A3 /* QRScannerView.swift */ = {isa = PBXFileReference; lastKnownFileType = sourcecode.swift; path = CBMPCNative/Views/QRScannerView.swift; sourceTree = SOURCE_ROOT; };

/* v0.13.0 iOS build file entries */
		EE13000200000000000000A1 /* KeychainSyncManager.swift in Sources */ = {isa = PBXBuildFile; fileRef = EE13000100000000000000A1 /* KeychainSyncManager.swift */; };
		EE13000200000000000000A2 /* MultiQRCodec.swift in Sources */ = {isa = PBXBuildFile; fileRef = EE13000100000000000000A2 /* MultiQRCodec.swift */; };
		EE13000200000000000000A3 /* QRScannerView.swift in Sources */ = {isa = PBXBuildFile; fileRef = EE13000100000000000000A3 /* QRScannerView.swift */; };

/* v0.13.0 macOS build file entries */
		EE13000300000000000000A1 /* KeychainSyncManager.swift in Sources */ = {isa = PBXBuildFile; fileRef = EE13000100000000000000A1 /* KeychainSyncManager.swift */; };
		EE13000300000000000000A2 /* MultiQRCodec.swift in Sources */ = {isa = PBXBuildFile; fileRef = EE13000100000000000000A2 /* MultiQRCodec.swift */; };
		EE13000300000000000000A3 /* QRScannerView.swift in Sources */ = {isa = PBXBuildFile; fileRef = EE13000100000000000000A3 /* QRScannerView.swift */; };

		A1E5F40B2D5E4A1B00C8F3E2 /* CBMPCNative.xcdatamodeld */ = {isa = PBXFileReference; lastKnownFileType = wrapper.xcdatamodeld; path = CBMPCNative/CBMPCNative.xcdatamodeld; sourceTree = SOURCE_ROOT; };
		A1E5F40C2D5E4A1B00C8F3E2 /* CBMPCNative.xcdatamodeld in Sources */ = {isa = PBXBuildFile; fileRef = A1E5F40B2D5E4A1B00C8F3E2 /* CBMPCNative.xcdatamodeld */; };

/* macOS target build file references */
		AA00000100000000000000A1 /* App.swift in Sources */ = {isa = PBXBuildFile; fileRef = 5D3F1F2A828F43D7974ABC5C /* App.swift */; };
		AA00000100000000000000A2 /* Models.swift in Sources */ = {isa = PBXBuildFile; fileRef = 7EBAA282A9944E0B80A630DB /* Models.swift */; };
		AA00000100000000000000A3 /* Persistence.swift in Sources */ = {isa = PBXBuildFile; fileRef = 8A512C4CF3B044288813F713 /* Persistence.swift */; };
		AA00000100000000000000A4 /* Views.swift in Sources */ = {isa = PBXBuildFile; fileRef = FB27DE0F9B61439490B343FA /* Views.swift */; };
		AA00000100000000000000A5 /* CBMPCCryptoEngine.swift in Sources */ = {isa = PBXBuildFile; fileRef = CAC866ECD7114AA99D621C65 /* CBMPCCryptoEngine.swift */; };
		AA00000100000000000000A6 /* CBMPCJob.swift in Sources */ = {isa = PBXBuildFile; fileRef = C7D1FEF8D2204ED68C6C7A9E /* CBMPCJob.swift */; };
		AA00000100000000000000A7 /* CBMPCKeyGenerator.swift in Sources */ = {isa = PBXBuildFile; fileRef = 8D7F32597C7945E4B290F0CB /* CBMPCKeyGenerator.swift */; };
		AA00000100000000000000A8 /* CBMPCKeyShare.swift in Sources */ = {isa = PBXBuildFile; fileRef = 02408D05F6BD4D9593286840 /* CBMPCKeyShare.swift */; };
		AA00000100000000000000A9 /* CBMPCMockTransport.swift in Sources */ = {isa = PBXBuildFile; fileRef = 113BD54F1BFC4FFB9DA5820A /* CBMPCMockTransport.swift */; };
		AA00000100000000000000B0 /* CBMPCSigner.swift in Sources */ = {isa = PBXBuildFile; fileRef = 34ECF65314E74AC7A0BA95A4 /* CBMPCSigner.swift */; };
		AA00000100000000000000B1 /* DemoData.swift in Sources */ = {isa = PBXBuildFile; fileRef = 2856A2E308B6401A97B1C01E /* DemoData.swift */; };
		AA00000100000000000000B2 /* KeyStore.swift in Sources */ = {isa = PBXBuildFile; fileRef = C5D94AC4683F4C108F8D95A3 /* KeyStore.swift */; };
		EE14000300000000000000A1 /* EtherscanService.swift in Sources */ = {isa = PBXBuildFile; fileRef = EE14000100000000000000A1 /* EtherscanService.swift */; };
		AA00000100000000000000B3 /* ManagedKeyModel.swift in Sources */ = {isa = PBXBuildFile; fileRef = 40F0D6C0F8DD422BA52777FF /* ManagedKeyModel.swift */; };
		AA00000100000000000000B4 /* AppNavigation.swift in Sources */ = {isa = PBXBuildFile; fileRef = 2D24F1C072CB4647A72B392C /* AppNavigation.swift */; };
		AA00000100000000000000B5 /* CreateKeySheetView.swift in Sources */ = {isa = PBXBuildFile; fileRef = 9C73628B8FCF45F083610781 /* CreateKeySheetView.swift */; };
		AA00000100000000000000B6 /* KeyDashboardView.swift in Sources */ = {isa = PBXBuildFile; fileRef = 57EC03604E664516A1CF6D06 /* KeyDashboardView.swift */; };
		AA00000100000000000000B7 /* KeyDetailView.swift in Sources */ = {isa = PBXBuildFile; fileRef = CFA0905E844A4B8DA0E17770 /* KeyDetailView.swift */; };
		AA00000100000000000000B8 /* SettingsView.swift in Sources */ = {isa = PBXBuildFile; fileRef = 18B55595E1174FDB8737759B /* SettingsView.swift */; };
		AA00000100000000000000B9 /* SigningHistoryView.swift in Sources */ = {isa = PBXBuildFile; fileRef = 635F4577455B47B99B35E257 /* SigningHistoryView.swift */; };
		AA00000100000000000000C0 /* SignMessageSheetView.swift in Sources */ = {isa = PBXBuildFile; fileRef = C1B9925D88E7455EA1C7C060 /* SignMessageSheetView.swift */; };
		AA00000100000000000000C1 /* FloatingTabBar.swift in Sources */ = {isa = PBXBuildFile; fileRef = 3361688E861E4B35A6732E7E /* FloatingTabBar.swift */; };
		AA00000100000000000000C2 /* QRCodeView.swift in Sources */ = {isa = PBXBuildFile; fileRef = F311AA8407E8496BAC8D600F /* QRCodeView.swift */; };
		AA00000100000000000000C3 /* SigningServerClient.swift in Sources */ = {isa = PBXBuildFile; fileRef = 507BB6365E6B4D8080293394 /* SigningServerClient.swift */; };
		AA00000100000000000000C4 /* CBMPCNative.xcdatamodeld in Sources */ = {isa = PBXBuildFile; fileRef = A1E5F40B2D5E4A1B00C8F3E2 /* CBMPCNative.xcdatamodeld */; };

/* Asset catalog */
		FF00000100000000000000AC /* Assets.xcassets */ = {isa = PBXFileReference; lastKnownFileType = folder.assetcatalog; path = CBMPCNative/Assets.xcassets; sourceTree = SOURCE_ROOT; };
		FF00000200000000000000AC /* Assets.xcassets in Resources */ = {isa = PBXBuildFile; fileRef = FF00000100000000000000AC /* Assets.xcassets */; };

/* iOS target */
		0A1E5F3E2D5E4A1B00C8F3E2 = {
			isa = PBXNativeTarget;
			buildConfigurationList = 0A1E5F4A2D5E4A1B00C8F3E2;
			buildPhases = (
				0A1E5F3F2D5E4A1B00C8F3E2 /* Sources */,
				FF00000300000000000000AC /* Resources */,
			);
			dependencies = (
			);
			name = CBMPCNative;
			productName = CBMPCNative;
			productType = "com.apple.product-type.application";
		};
		0A1E5F3F2D5E4A1B00C8F3E2 /* Sources */ = {
			isa = PBXSourcesBuildPhase;
			buildActionMask = 2147483647;
			files = (
				715F48F2BBEB482FADB5E44B /* App.swift in Sources */,
				49C0DAE8F1544C3DAEC61F78 /* Models.swift in Sources */,
				363A379EB61F49B1B7ADE106 /* Persistence.swift in Sources */,
				EFAC07C0C9B748B780F7D0D6 /* Views.swift in Sources */,
				39D375570D9848F7A491D538 /* CBMPCCryptoEngine.swift in Sources */,
				5B006EBE415E438F8E9236D9 /* CBMPCJob.swift in Sources */,
				DAB99EF6971B4069B622AAD8 /* CBMPCKeyGenerator.swift in Sources */,
				48E57618BC6F44CC9FF87445 /* CBMPCKeyShare.swift in Sources */,
				A86DD41ECA274FA8A8B1DC46 /* CBMPCMockTransport.swift in Sources */,
				A7BEBFB51B26453CB38AF0CE /* CBMPCSigner.swift in Sources */,
				186DDEE4C6AE4F34B7B5AC0C /* DemoData.swift in Sources */,
				80BD0AC97D6746B38E7136D2 /* KeyStore.swift in Sources */,
				44CC6E0C21A7458488419EC8 /* ManagedKeyModel.swift in Sources */,
				DC6A023CD5594D5DA02BC8D8 /* AppNavigation.swift in Sources */,
				465CA861247D4B0D9B551D5F /* CreateKeySheetView.swift in Sources */,
				74FC64744B5F4BE5BA580B65 /* KeyDashboardView.swift in Sources */,
				19E3B588B3664B02B6B1D69C /* KeyDetailView.swift in Sources */,
				9E7FBDE0CE5B4E7B82E33D64 /* SettingsView.swift in Sources */,
				422F1023E43846A887B56047 /* SigningHistoryView.swift in Sources */,
				B6855072E302481EBAF3BF0D /* SignMessageSheetView.swift in Sources */,
				EE00000200000000000000A1 /* VerifySignatureSheetView.swift in Sources */,
				FF00000200000000000000TX /* SignTransactionSheetView.swift in Sources */,
				8E18FD897BEC4A2D89DEF555 /* FloatingTabBar.swift in Sources */,
				F8D0C8BE602740A58CB804B9 /* QRCodeView.swift in Sources */,
				83DE522665F94B36B009141C /* SigningServerClient.swift in Sources */,
				BB00000100000000000000D2 /* CryptoDemoView.swift in Sources */,
				BB00000100000000000000D4 /* CBMPCLocalTransport.swift in Sources */,
				CC00000200000000000000F1 /* DemoShared.swift in Sources */,
				CC00000200000000000000F2 /* DemoHubView.swift in Sources */,
				CC00000200000000000000F3 /* HDDerivationDemoView.swift in Sources */,
				CC00000200000000000000F4 /* BatchSigningDemoView.swift in Sources */,
				CC00000200000000000000F5 /* KeyLifecycleDemoView.swift in Sources */,
				CC00000200000000000000F6 /* ZKProofDemoView.swift in Sources */,
				CC00000200000000000000F7 /* NPartyDemoView.swift in Sources */,
				CC00000200000000000000F8 /* AgreeRandomDemoView.swift in Sources */,
				CC00000200000000000000F9 /* AccessStructureDemoView.swift in Sources */,
				DD00000200000000000000A1 /* ECDSAMPDemoView.swift in Sources */,
				DD00000200000000000000A2 /* EdDSADemoView.swift in Sources */,
				DD00000200000000000000A3 /* CBMPCJobMP.swift in Sources */,
				DD00000200000000000000A4 /* CBMPCKeyShareMP.swift in Sources */,
				DD00000200000000000000A5 /* CBMPCAccessStructure.swift in Sources */,
				DD00000200000000000000A6 /* LocalNPartyRunner.swift in Sources */,
				EE13000200000000000000A1 /* KeychainSyncManager.swift in Sources */,
				EE13000200000000000000A2 /* MultiQRCodec.swift in Sources */,
				EE13000200000000000000A3 /* QRScannerView.swift in Sources */,
				EE14000200000000000000A1 /* EtherscanService.swift in Sources */,
				EE15000200000000000000A1 /* ExportKeySheetView.swift in Sources */,
				FF14000200000000000000A1 /* NetworkView.swift in Sources */,
				FF14000200000000000000B1 /* PairingManager.swift in Sources */,
				FF14000200000000000000C1 /* DeviceInfo.swift in Sources */,
				FF14000200000000000000B2 /* DevicePairingView.swift in Sources */,
				FF14000200000000000000B3 /* ServerRegistrationView.swift in Sources */,
				FF15000200000000000000A1 /* DesignSystem.swift in Sources */,
				FF15000200000000000000A2 /* WelcomeView.swift in Sources */,
				FF16000200000000000000A1 /* ServerAuthKeychain.swift in Sources */,
				FF16000200000000000000A2 /* MPCProtocol.swift in Sources */,
				FF16000200000000000000A3 /* ServerAPIClient.swift in Sources */,
				FF16000200000000000000A4 /* WebSocketTransport.swift in Sources */,
				FF16000200000000000000A5 /* ServerDKGCoordinator.swift in Sources */,
				FF16000200000000000000A6 /* ServerSigningCoordinator.swift in Sources */,
				FF16000200000000000000A7 /* MultipeerTransport.swift in Sources */,
				FF16000200000000000000A8 /* PeerDKGCoordinator.swift in Sources */,
				FF16000200000000000000A9 /* PeerConnectionManager.swift in Sources */,
				A1E5F40C2D5E4A1B00C8F3E2 /* CBMPCNative.xcdatamodeld in Sources */,
			);
			runOnlyForDeploymentPostprocessing = 0;
		};
		FF00000300000000000000AC /* Resources */ = {
			isa = PBXResourcesBuildPhase;
			buildActionMask = 2147483647;
			files = (
				FF00000200000000000000AC /* Assets.xcassets in Resources */,
			);
			runOnlyForDeploymentPostprocessing = 0;
		};

/* macOS target */
		AA00000200000000000000FF = {
			isa = PBXNativeTarget;
			buildConfigurationList = AA00000400000000000000FF;
			buildPhases = (
				AA00000300000000000000FF /* Sources */,
			);
			dependencies = (
			);
			name = CBMPCNative_macOS;
			productName = CBMPCNative_macOS;
			productType = "com.apple.product-type.application";
		};
		AA00000300000000000000FF /* Sources */ = {
			isa = PBXSourcesBuildPhase;
			buildActionMask = 2147483647;
			files = (
				AA00000100000000000000A1 /* App.swift in Sources */,
				AA00000100000000000000A2 /* Models.swift in Sources */,
				AA00000100000000000000A3 /* Persistence.swift in Sources */,
				AA00000100000000000000A4 /* Views.swift in Sources */,
				AA00000100000000000000A5 /* CBMPCCryptoEngine.swift in Sources */,
				AA00000100000000000000A6 /* CBMPCJob.swift in Sources */,
				AA00000100000000000000A7 /* CBMPCKeyGenerator.swift in Sources */,
				AA00000100000000000000A8 /* CBMPCKeyShare.swift in Sources */,
				AA00000100000000000000A9 /* CBMPCMockTransport.swift in Sources */,
				AA00000100000000000000B0 /* CBMPCSigner.swift in Sources */,
				AA00000100000000000000B1 /* DemoData.swift in Sources */,
				AA00000100000000000000B2 /* KeyStore.swift in Sources */,
				AA00000100000000000000B3 /* ManagedKeyModel.swift in Sources */,
				AA00000100000000000000B4 /* AppNavigation.swift in Sources */,
				AA00000100000000000000B5 /* CreateKeySheetView.swift in Sources */,
				AA00000100000000000000B6 /* KeyDashboardView.swift in Sources */,
				AA00000100000000000000B7 /* KeyDetailView.swift in Sources */,
				AA00000100000000000000B8 /* SettingsView.swift in Sources */,
				AA00000100000000000000B9 /* SigningHistoryView.swift in Sources */,
				AA00000100000000000000C0 /* SignMessageSheetView.swift in Sources */,
				EE00000300000000000000A1 /* VerifySignatureSheetView.swift in Sources */,
				FF00000300000000000000TX /* SignTransactionSheetView.swift in Sources */,
				AA00000100000000000000C1 /* FloatingTabBar.swift in Sources */,
				AA00000100000000000000C2 /* QRCodeView.swift in Sources */,
				AA00000100000000000000C3 /* SigningServerClient.swift in Sources */,
				BB00000100000000000000E1 /* CryptoDemoView.swift in Sources */,
				BB00000100000000000000E2 /* CBMPCLocalTransport.swift in Sources */,
				CC00000300000000000000F1 /* DemoShared.swift in Sources */,
				CC00000300000000000000F2 /* DemoHubView.swift in Sources */,
				CC00000300000000000000F3 /* HDDerivationDemoView.swift in Sources */,
				CC00000300000000000000F4 /* BatchSigningDemoView.swift in Sources */,
				CC00000300000000000000F5 /* KeyLifecycleDemoView.swift in Sources */,
				CC00000300000000000000F6 /* ZKProofDemoView.swift in Sources */,
				CC00000300000000000000F7 /* NPartyDemoView.swift in Sources */,
				CC00000300000000000000F8 /* AgreeRandomDemoView.swift in Sources */,
				CC00000300000000000000F9 /* AccessStructureDemoView.swift in Sources */,
				DD00000300000000000000A1 /* ECDSAMPDemoView.swift in Sources */,
				DD00000300000000000000A2 /* EdDSADemoView.swift in Sources */,
				DD00000300000000000000A3 /* CBMPCJobMP.swift in Sources */,
				DD00000300000000000000A4 /* CBMPCKeyShareMP.swift in Sources */,
				DD00000300000000000000A5 /* CBMPCAccessStructure.swift in Sources */,
				DD00000300000000000000A6 /* LocalNPartyRunner.swift in Sources */,
				EE13000300000000000000A1 /* KeychainSyncManager.swift in Sources */,
				EE13000300000000000000A2 /* MultiQRCodec.swift in Sources */,
				EE13000300000000000000A3 /* QRScannerView.swift in Sources */,
				EE14000300000000000000A1 /* EtherscanService.swift in Sources */,
				EE15000300000000000000A1 /* ExportKeySheetView.swift in Sources */,
				FF14000300000000000000A1 /* NetworkView.swift in Sources */,
				FF14000300000000000000B1 /* PairingManager.swift in Sources */,
				FF14000300000000000000C1 /* DeviceInfo.swift in Sources */,
				FF14000300000000000000B2 /* DevicePairingView.swift in Sources */,
				FF14000300000000000000B3 /* ServerRegistrationView.swift in Sources */,
				FF15000300000000000000A1 /* DesignSystem.swift in Sources */,
				FF15000300000000000000A2 /* WelcomeView.swift in Sources */,
				FF16000300000000000000A1 /* ServerAuthKeychain.swift in Sources */,
				FF16000300000000000000A2 /* MPCProtocol.swift in Sources */,
				FF16000300000000000000A3 /* ServerAPIClient.swift in Sources */,
				FF16000300000000000000A4 /* WebSocketTransport.swift in Sources */,
				FF16000300000000000000A5 /* ServerDKGCoordinator.swift in Sources */,
				FF16000300000000000000A6 /* ServerSigningCoordinator.swift in Sources */,
				FF16000300000000000000A7 /* MultipeerTransport.swift in Sources */,
				FF16000300000000000000A8 /* PeerDKGCoordinator.swift in Sources */,
				FF16000300000000000000A9 /* PeerConnectionManager.swift in Sources */,
				AA00000100000000000000C4 /* CBMPCNative.xcdatamodeld in Sources */,
			);
			runOnlyForDeploymentPostprocessing = 0;
		};

/* Project */
		0A1E5F0B2D5E4A1B00C8F3E2 = {
			isa = PBXProject;
			attributes = {
				BuildIndependentTargetsInParallel = 1;
				LastUpgradeCheck = 1540;
			};
			buildConfigurationList = 0A1E5F0E2D5E4A1B00C8F3E2;
			developmentRegion = en;
			hasScannedForEncodings = 0;
			knownRegions = (
				en,
				Base,
			);
			projectDirPath = "";
			projectRoot = "";
			targets = (
				0A1E5F3E2D5E4A1B00C8F3E2,
				AA00000200000000000000FF,
			);
		};

/* Project-level build configurations */
		0A1E5F0E2D5E4A1B00C8F3E2 = {
			isa = XCConfigurationList;
			buildConfigurations = (
				0A1E5F0F2D5E4A1B00C8F3E2,
				0A1E5F102D5E4A1B00C8F3E2,
			);
			defaultConfigurationIsVisible = 0;
			defaultConfigurationName = Release;
		};
		0A1E5F0F2D5E4A1B00C8F3E2 = {
			isa = XCBuildConfiguration;
			buildSettings = {
				SWIFT_VERSION = 5.9;
				"EXCLUDED_ARCHS[sdk=iphonesimulator*]" = x86_64;
			};
			name = Debug;
		};
		0A1E5F102D5E4A1B00C8F3E2 = {
			isa = XCBuildConfiguration;
			buildSettings = {
				SWIFT_VERSION = 5.9;
				"EXCLUDED_ARCHS[sdk=iphonesimulator*]" = x86_64;
			};
			name = Release;
		};

/* iOS target build configurations */
		0A1E5F4A2D5E4A1B00C8F3E2 = {
			isa = XCConfigurationList;
			buildConfigurations = (
				0A1E5F4B2D5E4A1B00C8F3E2,
				0A1E5F4C2D5E4A1B00C8F3E2,
			);
			defaultConfigurationIsVisible = 0;
			defaultConfigurationName = Release;
		};
		0A1E5F4B2D5E4A1B00C8F3E2 = {
			isa = XCBuildConfiguration;
			buildSettings = {
				CODE_SIGN_ENTITLEMENTS = CBMPCNative/CBMPCNative.entitlements;
				CODE_SIGN_STYLE = Automatic;
				CURRENT_PROJECT_VERSION = 67;
				DEVELOPMENT_TEAM = YT6VJY3L35;
				FRAMEWORK_SEARCH_PATHS = (
					"$(inherited)",
					"$(SRCROOT)/..",
				);
				INFOPLIST_FILE = CBMPCNative/Info.plist;
				HEADER_SEARCH_PATHS = (
					"$(inherited)",
					"$(SRCROOT)/../cbmpc.xcframework/Headers",
				);
				IPHONEOS_DEPLOYMENT_TARGET = 17.0;
				SDKROOT = iphoneos;
				MARKETING_VERSION = 0.17.0;
				"OTHER_LDFLAGS[sdk=iphonesimulator*]" = (
					"$(SRCROOT)/../cbmpc.xcframework/ios-arm64-simulator/libcbmpc.a",
					"$(SRCROOT)/../openssl-ios/iossimulator-arm64/lib/libssl.a",
					"$(SRCROOT)/../openssl-ios/iossimulator-arm64/lib/libcrypto.a",
					"-lc++",
				);
				"OTHER_LDFLAGS[sdk=iphoneos*]" = (
					"$(SRCROOT)/../cbmpc.xcframework/ios-arm64/libcbmpc.a",
					"$(SRCROOT)/../openssl-ios/ios-arm64/lib/libssl.a",
					"$(SRCROOT)/../openssl-ios/ios-arm64/lib/libcrypto.a",
					"-lc++",
				);
				ASSETCATALOG_COMPILER_APPICON_NAME = AppIcon;
				PRODUCT_BUNDLE_IDENTIFIER = "xyz.atsignhandle.cb-mpc";
				PRODUCT_NAME = "$(TARGET_NAME)";
				SWIFT_OBJC_BRIDGING_HEADER = "CBMPCNative-Bridging-Header.h";
				SWIFT_VERSION = 5.9;
				TARGETED_DEVICE_FAMILY = "1,2";
			};
			name = Debug;
		};
		0A1E5F4C2D5E4A1B00C8F3E2 = {
			isa = XCBuildConfiguration;
			buildSettings = {
				CODE_SIGN_ENTITLEMENTS = CBMPCNative/CBMPCNative.entitlements;
				CODE_SIGN_STYLE = Automatic;
				CURRENT_PROJECT_VERSION = 67;
				DEVELOPMENT_TEAM = YT6VJY3L35;
				FRAMEWORK_SEARCH_PATHS = (
					"$(inherited)",
					"$(SRCROOT)/..",
				);
				INFOPLIST_FILE = CBMPCNative/Info.plist;
				HEADER_SEARCH_PATHS = (
					"$(inherited)",
					"$(SRCROOT)/../cbmpc.xcframework/Headers",
				);
				IPHONEOS_DEPLOYMENT_TARGET = 17.0;
				SDKROOT = iphoneos;
				MARKETING_VERSION = 0.17.0;
				"OTHER_LDFLAGS[sdk=iphonesimulator*]" = (
					"$(SRCROOT)/../cbmpc.xcframework/ios-arm64-simulator/libcbmpc.a",
					"$(SRCROOT)/../openssl-ios/iossimulator-arm64/lib/libssl.a",
					"$(SRCROOT)/../openssl-ios/iossimulator-arm64/lib/libcrypto.a",
					"-lc++",
				);
				"OTHER_LDFLAGS[sdk=iphoneos*]" = (
					"$(SRCROOT)/../cbmpc.xcframework/ios-arm64/libcbmpc.a",
					"$(SRCROOT)/../openssl-ios/ios-arm64/lib/libssl.a",
					"$(SRCROOT)/../openssl-ios/ios-arm64/lib/libcrypto.a",
					"-lc++",
				);
				ASSETCATALOG_COMPILER_APPICON_NAME = AppIcon;
				PRODUCT_BUNDLE_IDENTIFIER = "xyz.atsignhandle.cb-mpc";
				PRODUCT_NAME = "$(TARGET_NAME)";
				SWIFT_OBJC_BRIDGING_HEADER = "CBMPCNative-Bridging-Header.h";
				SWIFT_VERSION = 5.9;
				TARGETED_DEVICE_FAMILY = "1,2";
			};
			name = Release;
		};

/* macOS target build configurations */
		AA00000400000000000000FF = {
			isa = XCConfigurationList;
			buildConfigurations = (
				AA00000500000000000000FF,
				AA00000600000000000000FF,
			);
			defaultConfigurationIsVisible = 0;
			defaultConfigurationName = Release;
		};
		AA00000500000000000000FF = {
			isa = XCBuildConfiguration;
			buildSettings = {
				ARCHS = arm64;
				CODE_SIGN_STYLE = Automatic;
				CURRENT_PROJECT_VERSION = 67;
				DEVELOPMENT_TEAM = YT6VJY3L35;
				INFOPLIST_FILE = CBMPCNative/Info.plist;
				HEADER_SEARCH_PATHS = (
					"$(inherited)",
					"$(SRCROOT)/../cbmpc.xcframework/Headers",
				);
				MACOSX_DEPLOYMENT_TARGET = 14.0;
				SDKROOT = macosx;
				MARKETING_VERSION = 0.17.0;
				OTHER_LDFLAGS = (
					"$(SRCROOT)/../cbmpc.xcframework/macos-arm64/libcbmpc.a",
					"/usr/local/opt/openssl@3.2.0/lib/libssl.a",
					"/usr/local/opt/openssl@3.2.0/lib/libcrypto.a",
					"-lc++",
				);
				PRODUCT_BUNDLE_IDENTIFIER = "xyz.atsignhandle.cb-mpc-macos";
				PRODUCT_NAME = "$(TARGET_NAME)";
				SWIFT_OBJC_BRIDGING_HEADER = "CBMPCNative-Bridging-Header.h";
				SWIFT_VERSION = 5.9;
			};
			name = Debug;
		};
		AA00000600000000000000FF = {
			isa = XCBuildConfiguration;
			buildSettings = {
				ARCHS = arm64;
				CODE_SIGN_STYLE = Automatic;
				CURRENT_PROJECT_VERSION = 67;
				DEVELOPMENT_TEAM = YT6VJY3L35;
				INFOPLIST_FILE = CBMPCNative/Info.plist;
				HEADER_SEARCH_PATHS = (
					"$(inherited)",
					"$(SRCROOT)/../cbmpc.xcframework/Headers",
				);
				MACOSX_DEPLOYMENT_TARGET = 14.0;
				SDKROOT = macosx;
				MARKETING_VERSION = 0.17.0;
				OTHER_LDFLAGS = (
					"$(SRCROOT)/../cbmpc.xcframework/macos-arm64/libcbmpc.a",
					"/usr/local/opt/openssl@3.2.0/lib/libssl.a",
					"/usr/local/opt/openssl@3.2.0/lib/libcrypto.a",
					"-lc++",
				);
				PRODUCT_BUNDLE_IDENTIFIER = "xyz.atsignhandle.cb-mpc-macos";
				PRODUCT_NAME = "$(TARGET_NAME)";
				SWIFT_OBJC_BRIDGING_HEADER = "CBMPCNative-Bridging-Header.h";
				SWIFT_VERSION = 5.9;
			};
			name = Release;
		};
	};
	rootObject = 0A1E5F0B2D5E4A1B00C8F3E2;
}
